// !$*UTF8*$!
{
	archiveVersion = 1;
	classes = {
	};
	objectVersion = 48;
	objects = {

/* Begin PBXBuildFile section */
		CD26F83B1FCEE01800449B4A /* LayerState.swift in Sources */ = {isa = PBXBuildFile; fileRef = CD26F83A1FCEE01800449B4A /* LayerState.swift */; };
		CD26F83D1FCEEB1C00449B4A /* LayerStateHistory.swift in Sources */ = {isa = PBXBuildFile; fileRef = CD26F83C1FCEEB1C00449B4A /* LayerStateHistory.swift */; };
		CD26F8411FCEFAC700449B4A /* InspectorViewController.swift in Sources */ = {isa = PBXBuildFile; fileRef = CD26F83F1FCEFAC700449B4A /* InspectorViewController.swift */; };
		CD26F8421FCEFAC700449B4A /* InspectorViewController.xib in Resources */ = {isa = PBXBuildFile; fileRef = CD26F8401FCEFAC700449B4A /* InspectorViewController.xib */; };
		CD2EC1CB1FD7F10800C17756 /* ContentViewController.swift in Sources */ = {isa = PBXBuildFile; fileRef = CD2EC1C91FD7F10800C17756 /* ContentViewController.swift */; };
		CD2EC1CC1FD7F10800C17756 /* ContentViewController.xib in Resources */ = {isa = PBXBuildFile; fileRef = CD2EC1CA1FD7F10800C17756 /* ContentViewController.xib */; };
		CD372B311FF8293E00D57586 /* ViewStateController.swift in Sources */ = {isa = PBXBuildFile; fileRef = CD50EF501FDED20E00FB0F2F /* ViewStateController.swift */; };
		CD372B321FF8433B00D57586 /* LanguageController.swift in Sources */ = {isa = PBXBuildFile; fileRef = CD50EF591FDFF86D00FB0F2F /* LanguageController.swift */; };
		CD372B331FF843C000D57586 /* ExportController.swift in Sources */ = {isa = PBXBuildFile; fileRef = CD5110A91FE7AAE300AEC595 /* ExportController.swift */; };
		CD372B341FF843CF00D57586 /* FileController.swift in Sources */ = {isa = PBXBuildFile; fileRef = CDB659121FE4268200430F20 /* FileController.swift */; };
		CD372B351FF843F900D57586 /* LayoutController.swift in Sources */ = {isa = PBXBuildFile; fileRef = CD50EF571FDFEE3600FB0F2F /* LayoutController.swift */; };
		CD372B361FF8440B00D57586 /* SSFView.swift in Sources */ = {isa = PBXBuildFile; fileRef = CD5EE0541FCD9A1000AD2ED7 /* SSFView.swift */; };
		CD50EF4D1FDE883200FB0F2F /* Operations.swift in Sources */ = {isa = PBXBuildFile; fileRef = CD50EF4C1FDE883200FB0F2F /* Operations.swift */; };
		CD50EF511FDED20E00FB0F2F /* ViewStateController.swift in Sources */ = {isa = PBXBuildFile; fileRef = CD50EF501FDED20E00FB0F2F /* ViewStateController.swift */; };
		CD50EF551FDFEB7600FB0F2F /* SSFTableView.swift in Sources */ = {isa = PBXBuildFile; fileRef = CD50EF541FDFEB7600FB0F2F /* SSFTableView.swift */; };
		CD50EF581FDFEE3600FB0F2F /* LayoutController.swift in Sources */ = {isa = PBXBuildFile; fileRef = CD50EF571FDFEE3600FB0F2F /* LayoutController.swift */; };
		CD50EF5A1FDFF86D00FB0F2F /* LanguageController.swift in Sources */ = {isa = PBXBuildFile; fileRef = CD50EF591FDFF86D00FB0F2F /* LanguageController.swift */; };
		CD5110AA1FE7AAE300AEC595 /* ExportController.swift in Sources */ = {isa = PBXBuildFile; fileRef = CD5110A91FE7AAE300AEC595 /* ExportController.swift */; };
		CD5110AE1FE7B64D00AEC595 /* ProgressWindowController.swift in Sources */ = {isa = PBXBuildFile; fileRef = CD5110AC1FE7B64D00AEC595 /* ProgressWindowController.swift */; };
		CD5110AF1FE7B64D00AEC595 /* ProgressWindowController.xib in Resources */ = {isa = PBXBuildFile; fileRef = CD5110AD1FE7B64D00AEC595 /* ProgressWindowController.xib */; };
		CD5EE0401FCD557200AD2ED7 /* AppDelegate.swift in Sources */ = {isa = PBXBuildFile; fileRef = CD5EE03F1FCD557200AD2ED7 /* AppDelegate.swift */; };
		CD5EE0421FCD557200AD2ED7 /* Document.swift in Sources */ = {isa = PBXBuildFile; fileRef = CD5EE0411FCD557200AD2ED7 /* Document.swift */; };
		CD5EE0451FCD557200AD2ED7 /* DocumentWindowController.xib in Resources */ = {isa = PBXBuildFile; fileRef = CD5EE0431FCD557200AD2ED7 /* DocumentWindowController.xib */; };
		CD5EE0471FCD557200AD2ED7 /* Assets.xcassets in Resources */ = {isa = PBXBuildFile; fileRef = CD5EE0461FCD557200AD2ED7 /* Assets.xcassets */; };
		CD5EE04A1FCD557200AD2ED7 /* MainMenu.xib in Resources */ = {isa = PBXBuildFile; fileRef = CD5EE0481FCD557200AD2ED7 /* MainMenu.xib */; };
		CD5EE0531FCD55E000AD2ED7 /* DocumentWindowController.swift in Sources */ = {isa = PBXBuildFile; fileRef = CD5EE0521FCD55E000AD2ED7 /* DocumentWindowController.swift */; };
		CD5EE0551FCD9A1000AD2ED7 /* SSFView.swift in Sources */ = {isa = PBXBuildFile; fileRef = CD5EE0541FCD9A1000AD2ED7 /* SSFView.swift */; };
		CD5EE05A1FCDA30600AD2ED7 /* LayoutableObject.swift in Sources */ = {isa = PBXBuildFile; fileRef = CD5EE0591FCDA30600AD2ED7 /* LayoutableObject.swift */; };
		CD71C0B22002ABA6002A2550 /* WarningPopoverViewController.swift in Sources */ = {isa = PBXBuildFile; fileRef = CD71C0B02002ABA6002A2550 /* WarningPopoverViewController.swift */; };
		CD71C0B32002ABA6002A2550 /* WarningPopoverViewController.xib in Resources */ = {isa = PBXBuildFile; fileRef = CD71C0B12002ABA6002A2550 /* WarningPopoverViewController.xib */; };
		CD71C0B42002B420002A2550 /* Sugar.swift in Sources */ = {isa = PBXBuildFile; fileRef = CDAEE1FE1FED484500F4B1BA /* Sugar.swift */; };
		CD71C0B52002B443002A2550 /* NSColor+Hex.swift in Sources */ = {isa = PBXBuildFile; fileRef = CDB6590E1FE3DAF800430F20 /* NSColor+Hex.swift */; };
		CD75DDA71FE916E80035952D /* OutputConfig.swift in Sources */ = {isa = PBXBuildFile; fileRef = CD75DDA61FE916E80035952D /* OutputConfig.swift */; };
		CD9395591FF6AC6D00D3D831 /* main.swift in Sources */ = {isa = PBXBuildFile; fileRef = CD9395581FF6AC6D00D3D831 /* main.swift */; };
		CD93955E1FF6AE1A00D3D831 /* ConsoleIO.swift in Sources */ = {isa = PBXBuildFile; fileRef = CD93955D1FF6AE1900D3D831 /* ConsoleIO.swift */; };
		CD9395601FF6AEAB00D3D831 /* Controller.swift in Sources */ = {isa = PBXBuildFile; fileRef = CD93955F1FF6AEAB00D3D831 /* Controller.swift */; };
		CD9395611FF6B1BF00D3D831 /* LayerState.swift in Sources */ = {isa = PBXBuildFile; fileRef = CD26F83A1FCEE01800449B4A /* LayerState.swift */; };
		CD9395621FF6B1ED00D3D831 /* LayerStateHistory.swift in Sources */ = {isa = PBXBuildFile; fileRef = CD26F83C1FCEEB1C00449B4A /* LayerStateHistory.swift */; };
		CD9395631FF6B26B00D3D831 /* OutputConfig.swift in Sources */ = {isa = PBXBuildFile; fileRef = CD75DDA61FE916E80035952D /* OutputConfig.swift */; };
		CD9395641FF6B26B00D3D831 /* LayoutableObject.swift in Sources */ = {isa = PBXBuildFile; fileRef = CD5EE0591FCDA30600AD2ED7 /* LayoutableObject.swift */; };
		CD9395651FF6B27A00D3D831 /* NSColor+Hex.swift in Sources */ = {isa = PBXBuildFile; fileRef = CDB6590E1FE3DAF800430F20 /* NSColor+Hex.swift */; };
		CD9395661FF6B28600D3D831 /* Sugar.swift in Sources */ = {isa = PBXBuildFile; fileRef = CDAEE1FE1FED484500F4B1BA /* Sugar.swift */; };
		CDAEE1FF1FED484500F4B1BA /* Sugar.swift in Sources */ = {isa = PBXBuildFile; fileRef = CDAEE1FE1FED484500F4B1BA /* Sugar.swift */; };
		CDB6590B1FE16EE800430F20 /* UserDefaults+Keys.swift in Sources */ = {isa = PBXBuildFile; fileRef = CDB6590A1FE16EE800430F20 /* UserDefaults+Keys.swift */; };
		CDB6590F1FE3DAF800430F20 /* NSColor+Hex.swift in Sources */ = {isa = PBXBuildFile; fileRef = CDB6590E1FE3DAF800430F20 /* NSColor+Hex.swift */; };
		CDB659111FE3F00000430F20 /* MNCoalescing.swift in Sources */ = {isa = PBXBuildFile; fileRef = CDB659101FE3F00000430F20 /* MNCoalescing.swift */; };
		CDB659131FE4268200430F20 /* FileController.swift in Sources */ = {isa = PBXBuildFile; fileRef = CDB659121FE4268200430F20 /* FileController.swift */; };
		CDD324602266E73100D0D6CF /* VerticallyCenteredTextFieldCell.swift in Sources */ = {isa = PBXBuildFile; fileRef = CDD3245F2266E73100D0D6CF /* VerticallyCenteredTextFieldCell.swift */; };
		CDD324612266E73100D0D6CF /* VerticallyCenteredTextFieldCell.swift in Sources */ = {isa = PBXBuildFile; fileRef = CDD3245F2266E73100D0D6CF /* VerticallyCenteredTextFieldCell.swift */; };
		CDE9C3541FEBDBD100168B40 /* Document Icon.icns in Resources */ = {isa = PBXBuildFile; fileRef = CDE9C3531FEBDBD100168B40 /* Document Icon.icns */; };
		CDE9C3551FEBEBCE00168B40 /* OutputConfig.swift in Sources */ = {isa = PBXBuildFile; fileRef = CD75DDA61FE916E80035952D /* OutputConfig.swift */; };
		CDE9C3561FEBEBD300168B40 /* Operations.swift in Sources */ = {isa = PBXBuildFile; fileRef = CD50EF4C1FDE883200FB0F2F /* Operations.swift */; };
		CDFF69981FD827B800E652EE /* ScreenshotFramerTests.swift in Sources */ = {isa = PBXBuildFile; fileRef = CDFF69971FD827B800E652EE /* ScreenshotFramerTests.swift */; };
		CDFF699F1FD827D900E652EE /* LayerStateHistory.swift in Sources */ = {isa = PBXBuildFile; fileRef = CD26F83C1FCEEB1C00449B4A /* LayerStateHistory.swift */; };
		CDFF69A01FD8280100E652EE /* LayerState.swift in Sources */ = {isa = PBXBuildFile; fileRef = CD26F83A1FCEE01800449B4A /* LayerState.swift */; };
		CDFF69A11FD8280700E652EE /* LayoutableObject.swift in Sources */ = {isa = PBXBuildFile; fileRef = CD5EE0591FCDA30600AD2ED7 /* LayoutableObject.swift */; };
		CDFF69A51FD834AE00E652EE /* TimeTravelWindowController.swift in Sources */ = {isa = PBXBuildFile; fileRef = CDFF69A31FD834AE00E652EE /* TimeTravelWindowController.swift */; };
		CDFF69A61FD834AE00E652EE /* TimeTravelWindowController.xib in Resources */ = {isa = PBXBuildFile; fileRef = CDFF69A41FD834AE00E652EE /* TimeTravelWindowController.xib */; };
		CDFF69A81FD8387D00E652EE /* DetailTableCellView.swift in Sources */ = {isa = PBXBuildFile; fileRef = CDFF69A71FD8387D00E652EE /* DetailTableCellView.swift */; };
		CDFF69AA1FD849E300E652EE /* CenterClipView.swift in Sources */ = {isa = PBXBuildFile; fileRef = CDFF69A91FD849E300E652EE /* CenterClipView.swift */; };
/* End PBXBuildFile section */

/* Begin PBXContainerItemProxy section */
		CDFF699A1FD827B800E652EE /* PBXContainerItemProxy */ = {
			isa = PBXContainerItemProxy;
			containerPortal = CD5EE0341FCD557200AD2ED7 /* Project object */;
			proxyType = 1;
			remoteGlobalIDString = CD5EE03B1FCD557200AD2ED7;
			remoteInfo = FrameMe;
		};
/* End PBXContainerItemProxy section */

/* Begin PBXCopyFilesBuildPhase section */
		CD9395541FF6AC6D00D3D831 /* CopyFiles */ = {
			isa = PBXCopyFilesBuildPhase;
			buildActionMask = 2147483647;
			dstPath = /usr/share/man/man1/;
			dstSubfolderSpec = 0;
			files = (
			);
			runOnlyForDeploymentPostprocessing = 1;
		};
/* End PBXCopyFilesBuildPhase section */

/* Begin PBXFileReference section */
		CD26F83A1FCEE01800449B4A /* LayerState.swift */ = {isa = PBXFileReference; lastKnownFileType = sourcecode.swift; path = LayerState.swift; sourceTree = "<group>"; };
		CD26F83C1FCEEB1C00449B4A /* LayerStateHistory.swift */ = {isa = PBXFileReference; lastKnownFileType = sourcecode.swift; path = LayerStateHistory.swift; sourceTree = "<group>"; };
		CD26F83F1FCEFAC700449B4A /* InspectorViewController.swift */ = {isa = PBXFileReference; lastKnownFileType = sourcecode.swift; path = InspectorViewController.swift; sourceTree = "<group>"; };
		CD26F8401FCEFAC700449B4A /* InspectorViewController.xib */ = {isa = PBXFileReference; lastKnownFileType = file.xib; path = InspectorViewController.xib; sourceTree = "<group>"; };
		CD2EC1C91FD7F10800C17756 /* ContentViewController.swift */ = {isa = PBXFileReference; lastKnownFileType = sourcecode.swift; path = ContentViewController.swift; sourceTree = "<group>"; };
		CD2EC1CA1FD7F10800C17756 /* ContentViewController.xib */ = {isa = PBXFileReference; lastKnownFileType = file.xib; path = ContentViewController.xib; sourceTree = "<group>"; };
		CD50EF4C1FDE883200FB0F2F /* Operations.swift */ = {isa = PBXFileReference; lastKnownFileType = sourcecode.swift; path = Operations.swift; sourceTree = "<group>"; };
		CD50EF501FDED20E00FB0F2F /* ViewStateController.swift */ = {isa = PBXFileReference; lastKnownFileType = sourcecode.swift; path = ViewStateController.swift; sourceTree = "<group>"; };
		CD50EF541FDFEB7600FB0F2F /* SSFTableView.swift */ = {isa = PBXFileReference; lastKnownFileType = sourcecode.swift; path = SSFTableView.swift; sourceTree = "<group>"; };
		CD50EF571FDFEE3600FB0F2F /* LayoutController.swift */ = {isa = PBXFileReference; lastKnownFileType = sourcecode.swift; path = LayoutController.swift; sourceTree = "<group>"; };
		CD50EF591FDFF86D00FB0F2F /* LanguageController.swift */ = {isa = PBXFileReference; lastKnownFileType = sourcecode.swift; path = LanguageController.swift; sourceTree = "<group>"; };
		CD5110A91FE7AAE300AEC595 /* ExportController.swift */ = {isa = PBXFileReference; lastKnownFileType = sourcecode.swift; path = ExportController.swift; sourceTree = "<group>"; };
		CD5110AC1FE7B64D00AEC595 /* ProgressWindowController.swift */ = {isa = PBXFileReference; lastKnownFileType = sourcecode.swift; path = ProgressWindowController.swift; sourceTree = "<group>"; };
		CD5110AD1FE7B64D00AEC595 /* ProgressWindowController.xib */ = {isa = PBXFileReference; lastKnownFileType = file.xib; path = ProgressWindowController.xib; sourceTree = "<group>"; };
		CD5EE03C1FCD557200AD2ED7 /* Screenshot Framer.app */ = {isa = PBXFileReference; explicitFileType = wrapper.application; includeInIndex = 0; path = "Screenshot Framer.app"; sourceTree = BUILT_PRODUCTS_DIR; };
		CD5EE03F1FCD557200AD2ED7 /* AppDelegate.swift */ = {isa = PBXFileReference; lastKnownFileType = sourcecode.swift; path = AppDelegate.swift; sourceTree = "<group>"; };
		CD5EE0411FCD557200AD2ED7 /* Document.swift */ = {isa = PBXFileReference; lastKnownFileType = sourcecode.swift; path = Document.swift; sourceTree = "<group>"; };
		CD5EE0441FCD557200AD2ED7 /* Base */ = {isa = PBXFileReference; lastKnownFileType = file.xib; name = Base; path = Base.lproj/DocumentWindowController.xib; sourceTree = "<group>"; };
		CD5EE0461FCD557200AD2ED7 /* Assets.xcassets */ = {isa = PBXFileReference; lastKnownFileType = folder.assetcatalog; path = Assets.xcassets; sourceTree = "<group>"; };
		CD5EE0491FCD557200AD2ED7 /* Base */ = {isa = PBXFileReference; lastKnownFileType = file.xib; name = Base; path = Base.lproj/MainMenu.xib; sourceTree = "<group>"; };
		CD5EE04B1FCD557200AD2ED7 /* Info.plist */ = {isa = PBXFileReference; lastKnownFileType = text.plist.xml; path = Info.plist; sourceTree = "<group>"; };
		CD5EE04C1FCD557200AD2ED7 /* Framer.entitlements */ = {isa = PBXFileReference; lastKnownFileType = text.plist.entitlements; path = Framer.entitlements; sourceTree = "<group>"; };
		CD5EE0521FCD55E000AD2ED7 /* DocumentWindowController.swift */ = {isa = PBXFileReference; lastKnownFileType = sourcecode.swift; path = DocumentWindowController.swift; sourceTree = "<group>"; };
		CD5EE0541FCD9A1000AD2ED7 /* SSFView.swift */ = {isa = PBXFileReference; lastKnownFileType = sourcecode.swift; path = SSFView.swift; sourceTree = "<group>"; };
		CD5EE0591FCDA30600AD2ED7 /* LayoutableObject.swift */ = {isa = PBXFileReference; lastKnownFileType = sourcecode.swift; path = LayoutableObject.swift; sourceTree = "<group>"; };
		CD71C0B02002ABA6002A2550 /* WarningPopoverViewController.swift */ = {isa = PBXFileReference; lastKnownFileType = sourcecode.swift; path = WarningPopoverViewController.swift; sourceTree = "<group>"; };
		CD71C0B12002ABA6002A2550 /* WarningPopoverViewController.xib */ = {isa = PBXFileReference; lastKnownFileType = file.xib; path = WarningPopoverViewController.xib; sourceTree = "<group>"; };
		CD75DDA61FE916E80035952D /* OutputConfig.swift */ = {isa = PBXFileReference; lastKnownFileType = sourcecode.swift; path = OutputConfig.swift; sourceTree = "<group>"; };
		CD9395561FF6AC6D00D3D831 /* Screenshot-Framer-CLI */ = {isa = PBXFileReference; explicitFileType = "compiled.mach-o.executable"; includeInIndex = 0; path = "Screenshot-Framer-CLI"; sourceTree = BUILT_PRODUCTS_DIR; };
		CD9395581FF6AC6D00D3D831 /* main.swift */ = {isa = PBXFileReference; lastKnownFileType = sourcecode.swift; path = main.swift; sourceTree = "<group>"; };
		CD93955D1FF6AE1900D3D831 /* ConsoleIO.swift */ = {isa = PBXFileReference; fileEncoding = 4; lastKnownFileType = sourcecode.swift; path = ConsoleIO.swift; sourceTree = "<group>"; };
		CD93955F1FF6AEAB00D3D831 /* Controller.swift */ = {isa = PBXFileReference; lastKnownFileType = sourcecode.swift; path = Controller.swift; sourceTree = "<group>"; };
		CDAEE1FE1FED484500F4B1BA /* Sugar.swift */ = {isa = PBXFileReference; lastKnownFileType = sourcecode.swift; path = Sugar.swift; sourceTree = "<group>"; };
		CDB6590A1FE16EE800430F20 /* UserDefaults+Keys.swift */ = {isa = PBXFileReference; lastKnownFileType = sourcecode.swift; path = "UserDefaults+Keys.swift"; sourceTree = "<group>"; };
		CDB6590E1FE3DAF800430F20 /* NSColor+Hex.swift */ = {isa = PBXFileReference; fileEncoding = 4; lastKnownFileType = sourcecode.swift; path = "NSColor+Hex.swift"; sourceTree = "<group>"; };
		CDB659101FE3F00000430F20 /* MNCoalescing.swift */ = {isa = PBXFileReference; lastKnownFileType = sourcecode.swift; path = MNCoalescing.swift; sourceTree = "<group>"; };
		CDB659121FE4268200430F20 /* FileController.swift */ = {isa = PBXFileReference; lastKnownFileType = sourcecode.swift; path = FileController.swift; sourceTree = "<group>"; };
		CDD3245F2266E73100D0D6CF /* VerticallyCenteredTextFieldCell.swift */ = {isa = PBXFileReference; lastKnownFileType = sourcecode.swift; path = VerticallyCenteredTextFieldCell.swift; sourceTree = "<group>"; };
		CDE9C3531FEBDBD100168B40 /* Document Icon.icns */ = {isa = PBXFileReference; lastKnownFileType = image.icns; path = "Document Icon.icns"; sourceTree = "<group>"; };
		CDFF69951FD827B800E652EE /* Screenshot FramerTests.xctest */ = {isa = PBXFileReference; explicitFileType = wrapper.cfbundle; includeInIndex = 0; path = "Screenshot FramerTests.xctest"; sourceTree = BUILT_PRODUCTS_DIR; };
		CDFF69971FD827B800E652EE /* ScreenshotFramerTests.swift */ = {isa = PBXFileReference; lastKnownFileType = sourcecode.swift; path = ScreenshotFramerTests.swift; sourceTree = "<group>"; };
		CDFF69991FD827B800E652EE /* Info.plist */ = {isa = PBXFileReference; lastKnownFileType = text.plist.xml; path = Info.plist; sourceTree = "<group>"; };
		CDFF69A31FD834AE00E652EE /* TimeTravelWindowController.swift */ = {isa = PBXFileReference; lastKnownFileType = sourcecode.swift; path = TimeTravelWindowController.swift; sourceTree = "<group>"; };
		CDFF69A41FD834AE00E652EE /* TimeTravelWindowController.xib */ = {isa = PBXFileReference; lastKnownFileType = file.xib; path = TimeTravelWindowController.xib; sourceTree = "<group>"; };
		CDFF69A71FD8387D00E652EE /* DetailTableCellView.swift */ = {isa = PBXFileReference; lastKnownFileType = sourcecode.swift; path = DetailTableCellView.swift; sourceTree = "<group>"; };
		CDFF69A91FD849E300E652EE /* CenterClipView.swift */ = {isa = PBXFileReference; lastKnownFileType = sourcecode.swift; path = CenterClipView.swift; sourceTree = "<group>"; };
/* End PBXFileReference section */

/* Begin PBXFrameworksBuildPhase section */
		CD5EE0391FCD557200AD2ED7 /* Frameworks */ = {
			isa = PBXFrameworksBuildPhase;
			buildActionMask = 2147483647;
			files = (
			);
			runOnlyForDeploymentPostprocessing = 0;
		};
		CD9395531FF6AC6D00D3D831 /* Frameworks */ = {
			isa = PBXFrameworksBuildPhase;
			buildActionMask = 2147483647;
			files = (
			);
			runOnlyForDeploymentPostprocessing = 0;
		};
		CDFF69921FD827B800E652EE /* Frameworks */ = {
			isa = PBXFrameworksBuildPhase;
			buildActionMask = 2147483647;
			files = (
			);
			runOnlyForDeploymentPostprocessing = 0;
		};
/* End PBXFrameworksBuildPhase section */

/* Begin PBXGroup section */
		CD26F83E1FCEFAA100449B4A /* Inspector */ = {
			isa = PBXGroup;
			children = (
				CD26F83F1FCEFAC700449B4A /* InspectorViewController.swift */,
				CD26F8401FCEFAC700449B4A /* InspectorViewController.xib */,
			);
			path = Inspector;
			sourceTree = "<group>";
		};
		CD2EC1C81FD7F0EB00C17756 /* Content View Controller */ = {
			isa = PBXGroup;
			children = (
				CD2EC1C91FD7F10800C17756 /* ContentViewController.swift */,
				CD2EC1CA1FD7F10800C17756 /* ContentViewController.xib */,
				CD26F83E1FCEFAA100449B4A /* Inspector */,
				CD50EF561FDFEE2100FB0F2F /* Help Controller */,
			);
			path = "Content View Controller";
			sourceTree = "<group>";
		};
		CD50EF561FDFEE2100FB0F2F /* Help Controller */ = {
			isa = PBXGroup;
			children = (
				CD5110A91FE7AAE300AEC595 /* ExportController.swift */,
				CDB659121FE4268200430F20 /* FileController.swift */,
				CD50EF591FDFF86D00FB0F2F /* LanguageController.swift */,
				CD50EF571FDFEE3600FB0F2F /* LayoutController.swift */,
				CD71C0AF2002AB6E002A2550 /* Warning Popover */,
				CD5110AB1FE7B62A00AEC595 /* Progress Window */,
			);
			path = "Help Controller";
			sourceTree = "<group>";
		};
		CD5110AB1FE7B62A00AEC595 /* Progress Window */ = {
			isa = PBXGroup;
			children = (
				CD5110AC1FE7B64D00AEC595 /* ProgressWindowController.swift */,
				CD5110AD1FE7B64D00AEC595 /* ProgressWindowController.xib */,
			);
			path = "Progress Window";
			sourceTree = "<group>";
		};
		CD5EE0331FCD557200AD2ED7 = {
			isa = PBXGroup;
			children = (
				CD5EE03E1FCD557200AD2ED7 /* Screenshot Framer */,
				CDFF69961FD827B800E652EE /* Screenshot Framer Tests */,
				CD9395571FF6AC6D00D3D831 /* Screenshot Framer CLI */,
				CD5EE03D1FCD557200AD2ED7 /* Products */,
			);
			sourceTree = "<group>";
		};
		CD5EE03D1FCD557200AD2ED7 /* Products */ = {
			isa = PBXGroup;
			children = (
				CD5EE03C1FCD557200AD2ED7 /* Screenshot Framer.app */,
				CDFF69951FD827B800E652EE /* Screenshot FramerTests.xctest */,
				CD9395561FF6AC6D00D3D831 /* Screenshot-Framer-CLI */,
			);
			name = Products;
			sourceTree = "<group>";
		};
		CD5EE03E1FCD557200AD2ED7 /* Screenshot Framer */ = {
			isa = PBXGroup;
			children = (
				CD5EE03F1FCD557200AD2ED7 /* AppDelegate.swift */,
				CD5EE0411FCD557200AD2ED7 /* Document.swift */,
				CD50EF501FDED20E00FB0F2F /* ViewStateController.swift */,
				CD5EE0561FCDA1FB00AD2ED7 /* Document Window */,
				CDFF69A21FD8348E00E652EE /* Time Travel */,
				CD5EE0581FCDA2FC00AD2ED7 /* Model */,
				CD5EE0571FCDA20400AD2ED7 /* Supporting Files */,
			);
			path = "Screenshot Framer";
			sourceTree = "<group>";
		};
		CD5EE0561FCDA1FB00AD2ED7 /* Document Window */ = {
			isa = PBXGroup;
			children = (
				CD5EE0521FCD55E000AD2ED7 /* DocumentWindowController.swift */,
				CD5EE0431FCD557200AD2ED7 /* DocumentWindowController.xib */,
				CD2EC1C81FD7F0EB00C17756 /* Content View Controller */,
			);
			path = "Document Window";
			sourceTree = "<group>";
		};
		CD5EE0571FCDA20400AD2ED7 /* Supporting Files */ = {
			isa = PBXGroup;
			children = (
				CDFA12EF200E149700E99BC6 /* Code */,
				CD5EE04C1FCD557200AD2ED7 /* Framer.entitlements */,
				CD5EE04B1FCD557200AD2ED7 /* Info.plist */,
				CD5EE0461FCD557200AD2ED7 /* Assets.xcassets */,
				CDE9C3531FEBDBD100168B40 /* Document Icon.icns */,
				CD5EE0481FCD557200AD2ED7 /* MainMenu.xib */,
			);
			path = "Supporting Files";
			sourceTree = "<group>";
		};
		CD5EE0581FCDA2FC00AD2ED7 /* Model */ = {
			isa = PBXGroup;
			children = (
				CD26F83C1FCEEB1C00449B4A /* LayerStateHistory.swift */,
				CD26F83A1FCEE01800449B4A /* LayerState.swift */,
				CD75DDA61FE916E80035952D /* OutputConfig.swift */,
				CD5EE0591FCDA30600AD2ED7 /* LayoutableObject.swift */,
				CD50EF4C1FDE883200FB0F2F /* Operations.swift */,
			);
			path = Model;
			sourceTree = "<group>";
		};
		CD71C0AF2002AB6E002A2550 /* Warning Popover */ = {
			isa = PBXGroup;
			children = (
				CD71C0B02002ABA6002A2550 /* WarningPopoverViewController.swift */,
				CD71C0B12002ABA6002A2550 /* WarningPopoverViewController.xib */,
			);
			path = "Warning Popover";
			sourceTree = "<group>";
		};
		CD9395571FF6AC6D00D3D831 /* Screenshot Framer CLI */ = {
			isa = PBXGroup;
			children = (
				CD9395581FF6AC6D00D3D831 /* main.swift */,
				CD93955F1FF6AEAB00D3D831 /* Controller.swift */,
				CD93955D1FF6AE1900D3D831 /* ConsoleIO.swift */,
			);
			path = "Screenshot Framer CLI";
			sourceTree = "<group>";
		};
		CDFA12EF200E149700E99BC6 /* Code */ = {
			isa = PBXGroup;
			children = (
				CDFF69A91FD849E300E652EE /* CenterClipView.swift */,
				CDB659101FE3F00000430F20 /* MNCoalescing.swift */,
				CDB6590E1FE3DAF800430F20 /* NSColor+Hex.swift */,
				CD50EF541FDFEB7600FB0F2F /* SSFTableView.swift */,
				CD5EE0541FCD9A1000AD2ED7 /* SSFView.swift */,
				CDB6590A1FE16EE800430F20 /* UserDefaults+Keys.swift */,
				CDAEE1FE1FED484500F4B1BA /* Sugar.swift */,
				CDD3245F2266E73100D0D6CF /* VerticallyCenteredTextFieldCell.swift */,
			);
			path = Code;
			sourceTree = "<group>";
		};
		CDFF69961FD827B800E652EE /* Screenshot Framer Tests */ = {
			isa = PBXGroup;
			children = (
				CDFF69971FD827B800E652EE /* ScreenshotFramerTests.swift */,
				CDFF69991FD827B800E652EE /* Info.plist */,
			);
			path = "Screenshot Framer Tests";
			sourceTree = "<group>";
		};
		CDFF69A21FD8348E00E652EE /* Time Travel */ = {
			isa = PBXGroup;
			children = (
				CDFF69A31FD834AE00E652EE /* TimeTravelWindowController.swift */,
				CDFF69A41FD834AE00E652EE /* TimeTravelWindowController.xib */,
				CDFF69A71FD8387D00E652EE /* DetailTableCellView.swift */,
			);
			path = "Time Travel";
			sourceTree = "<group>";
		};
/* End PBXGroup section */

/* Begin PBXNativeTarget section */
		CD5EE03B1FCD557200AD2ED7 /* Screenshot Framer */ = {
			isa = PBXNativeTarget;
			buildConfigurationList = CD5EE04F1FCD557200AD2ED7 /* Build configuration list for PBXNativeTarget "Screenshot Framer" */;
			buildPhases = (
				CDAEE1FC1FED46EE00F4B1BA /* Swift Lint */,
				CD5EE0381FCD557200AD2ED7 /* Sources */,
				CD5EE0391FCD557200AD2ED7 /* Frameworks */,
				CD5EE03A1FCD557200AD2ED7 /* Resources */,
			);
			buildRules = (
			);
			dependencies = (
			);
			name = "Screenshot Framer";
			productName = Framer;
			productReference = CD5EE03C1FCD557200AD2ED7 /* Screenshot Framer.app */;
			productType = "com.apple.product-type.application";
		};
		CD9395551FF6AC6D00D3D831 /* Screenshot-Framer-CLI */ = {
			isa = PBXNativeTarget;
			buildConfigurationList = CD93955C1FF6AC6D00D3D831 /* Build configuration list for PBXNativeTarget "Screenshot-Framer-CLI" */;
			buildPhases = (
				CD71C0AE2000D270002A2550 /* Swift Lint */,
				CD9395521FF6AC6D00D3D831 /* Sources */,
				CD9395531FF6AC6D00D3D831 /* Frameworks */,
				CD9395541FF6AC6D00D3D831 /* CopyFiles */,
			);
			buildRules = (
			);
			dependencies = (
			);
			name = "Screenshot-Framer-CLI";
			productName = "Screenshot Framer CLI";
			productReference = CD9395561FF6AC6D00D3D831 /* Screenshot-Framer-CLI */;
			productType = "com.apple.product-type.tool";
		};
		CDFF69941FD827B800E652EE /* Screenshot FramerTests */ = {
			isa = PBXNativeTarget;
			buildConfigurationList = CDFF699E1FD827B800E652EE /* Build configuration list for PBXNativeTarget "Screenshot FramerTests" */;
			buildPhases = (
				CDFF69911FD827B800E652EE /* Sources */,
				CDFF69921FD827B800E652EE /* Frameworks */,
				CDFF69931FD827B800E652EE /* Resources */,
			);
			buildRules = (
			);
			dependencies = (
				CDFF699B1FD827B800E652EE /* PBXTargetDependency */,
			);
			name = "Screenshot FramerTests";
			productName = FrameMeTests;
			productReference = CDFF69951FD827B800E652EE /* Screenshot FramerTests.xctest */;
			productType = "com.apple.product-type.bundle.unit-test";
		};
/* End PBXNativeTarget section */

/* Begin PBXProject section */
		CD5EE0341FCD557200AD2ED7 /* Project object */ = {
			isa = PBXProject;
			attributes = {
				LastSwiftUpdateCheck = 0920;
				LastUpgradeCheck = 1100;
				ORGANIZATIONNAME = "Patrick Kladek";
				TargetAttributes = {
					CD5EE03B1FCD557200AD2ED7 = {
						CreatedOnToolsVersion = 9.2;
						LastSwiftMigration = 1030;
						ProvisioningStyle = Automatic;
						SystemCapabilities = {
							com.apple.Sandbox = {
								enabled = 0;
							};
						};
					};
					CD9395551FF6AC6D00D3D831 = {
						CreatedOnToolsVersion = 9.2;
						ProvisioningStyle = Automatic;
					};
					CDFF69941FD827B800E652EE = {
						CreatedOnToolsVersion = 9.2;
						LastSwiftMigration = 1030;
						ProvisioningStyle = Automatic;
						TestTargetID = CD5EE03B1FCD557200AD2ED7;
					};
				};
			};
			buildConfigurationList = CD5EE0371FCD557200AD2ED7 /* Build configuration list for PBXProject "Screenshot Framer" */;
			compatibilityVersion = "Xcode 8.0";
			developmentRegion = en;
			hasScannedForEncodings = 0;
			knownRegions = (
				en,
				Base,
			);
			mainGroup = CD5EE0331FCD557200AD2ED7;
			productRefGroup = CD5EE03D1FCD557200AD2ED7 /* Products */;
			projectDirPath = "";
			projectRoot = "";
			targets = (
				CD5EE03B1FCD557200AD2ED7 /* Screenshot Framer */,
				CDFF69941FD827B800E652EE /* Screenshot FramerTests */,
				CD9395551FF6AC6D00D3D831 /* Screenshot-Framer-CLI */,
			);
		};
/* End PBXProject section */

/* Begin PBXResourcesBuildPhase section */
		CD5EE03A1FCD557200AD2ED7 /* Resources */ = {
			isa = PBXResourcesBuildPhase;
			buildActionMask = 2147483647;
			files = (
				CD71C0B32002ABA6002A2550 /* WarningPopoverViewController.xib in Resources */,
				CD2EC1CC1FD7F10800C17756 /* ContentViewController.xib in Resources */,
				CDE9C3541FEBDBD100168B40 /* Document Icon.icns in Resources */,
				CD5EE0471FCD557200AD2ED7 /* Assets.xcassets in Resources */,
				CD5EE0451FCD557200AD2ED7 /* DocumentWindowController.xib in Resources */,
				CDFF69A61FD834AE00E652EE /* TimeTravelWindowController.xib in Resources */,
				CD26F8421FCEFAC700449B4A /* InspectorViewController.xib in Resources */,
				CD5110AF1FE7B64D00AEC595 /* ProgressWindowController.xib in Resources */,
				CD5EE04A1FCD557200AD2ED7 /* MainMenu.xib in Resources */,
			);
			runOnlyForDeploymentPostprocessing = 0;
		};
		CDFF69931FD827B800E652EE /* Resources */ = {
			isa = PBXResourcesBuildPhase;
			buildActionMask = 2147483647;
			files = (
			);
			runOnlyForDeploymentPostprocessing = 0;
		};
/* End PBXResourcesBuildPhase section */

/* Begin PBXShellScriptBuildPhase section */
		CD71C0AE2000D270002A2550 /* Swift Lint */ = {
			isa = PBXShellScriptBuildPhase;
			buildActionMask = 2147483647;
			files = (
			);
			inputPaths = (
			);
			name = "Swift Lint";
			outputPaths = (
			);
			runOnlyForDeploymentPostprocessing = 0;
			shellPath = /bin/sh;
			shellScript = "# Swift Lint\n(exec ./.tools/SwiftLint/swiftlint)";
		};
		CDAEE1FC1FED46EE00F4B1BA /* Swift Lint */ = {
			isa = PBXShellScriptBuildPhase;
			buildActionMask = 2147483647;
			files = (
			);
			inputPaths = (
			);
			name = "Swift Lint";
			outputPaths = (
			);
			runOnlyForDeploymentPostprocessing = 0;
			shellPath = /bin/sh;
			shellScript = "# Swift Lint\n(exec ./.tools/SwiftLint/swiftlint)\n";
		};
/* End PBXShellScriptBuildPhase section */

/* Begin PBXSourcesBuildPhase section */
		CD5EE0381FCD557200AD2ED7 /* Sources */ = {
			isa = PBXSourcesBuildPhase;
			buildActionMask = 2147483647;
			files = (
				CD2EC1CB1FD7F10800C17756 /* ContentViewController.swift in Sources */,
				CD5110AA1FE7AAE300AEC595 /* ExportController.swift in Sources */,
				CDD324602266E73100D0D6CF /* VerticallyCenteredTextFieldCell.swift in Sources */,
				CDFF69A51FD834AE00E652EE /* TimeTravelWindowController.swift in Sources */,
				CD5EE05A1FCDA30600AD2ED7 /* LayoutableObject.swift in Sources */,
				CDB6590B1FE16EE800430F20 /* UserDefaults+Keys.swift in Sources */,
				CD50EF4D1FDE883200FB0F2F /* Operations.swift in Sources */,
				CD5EE0421FCD557200AD2ED7 /* Document.swift in Sources */,
				CD5EE0551FCD9A1000AD2ED7 /* SSFView.swift in Sources */,
				CD75DDA71FE916E80035952D /* OutputConfig.swift in Sources */,
				CD5EE0401FCD557200AD2ED7 /* AppDelegate.swift in Sources */,
				CD5110AE1FE7B64D00AEC595 /* ProgressWindowController.swift in Sources */,
				CDB659111FE3F00000430F20 /* MNCoalescing.swift in Sources */,
				CD50EF511FDED20E00FB0F2F /* ViewStateController.swift in Sources */,
				CD26F83D1FCEEB1C00449B4A /* LayerStateHistory.swift in Sources */,
				CDFF69AA1FD849E300E652EE /* CenterClipView.swift in Sources */,
				CDAEE1FF1FED484500F4B1BA /* Sugar.swift in Sources */,
				CDB659131FE4268200430F20 /* FileController.swift in Sources */,
				CD50EF5A1FDFF86D00FB0F2F /* LanguageController.swift in Sources */,
				CD5EE0531FCD55E000AD2ED7 /* DocumentWindowController.swift in Sources */,
				CD26F8411FCEFAC700449B4A /* InspectorViewController.swift in Sources */,
				CD71C0B22002ABA6002A2550 /* WarningPopoverViewController.swift in Sources */,
				CD50EF581FDFEE3600FB0F2F /* LayoutController.swift in Sources */,
				CD26F83B1FCEE01800449B4A /* LayerState.swift in Sources */,
				CD50EF551FDFEB7600FB0F2F /* SSFTableView.swift in Sources */,
				CDFF69A81FD8387D00E652EE /* DetailTableCellView.swift in Sources */,
				CDB6590F1FE3DAF800430F20 /* NSColor+Hex.swift in Sources */,
			);
			runOnlyForDeploymentPostprocessing = 0;
		};
		CD9395521FF6AC6D00D3D831 /* Sources */ = {
			isa = PBXSourcesBuildPhase;
			buildActionMask = 2147483647;
			files = (
				CD9395601FF6AEAB00D3D831 /* Controller.swift in Sources */,
				CD9395611FF6B1BF00D3D831 /* LayerState.swift in Sources */,
				CDD324612266E73100D0D6CF /* VerticallyCenteredTextFieldCell.swift in Sources */,
				CD372B331FF843C000D57586 /* ExportController.swift in Sources */,
				CD372B341FF843CF00D57586 /* FileController.swift in Sources */,
				CD9395641FF6B26B00D3D831 /* LayoutableObject.swift in Sources */,
				CD372B351FF843F900D57586 /* LayoutController.swift in Sources */,
				CD9395591FF6AC6D00D3D831 /* main.swift in Sources */,
				CD9395651FF6B27A00D3D831 /* NSColor+Hex.swift in Sources */,
				CD9395661FF6B28600D3D831 /* Sugar.swift in Sources */,
				CD93955E1FF6AE1A00D3D831 /* ConsoleIO.swift in Sources */,
				CD9395631FF6B26B00D3D831 /* OutputConfig.swift in Sources */,
				CD372B311FF8293E00D57586 /* ViewStateController.swift in Sources */,
				CD9395621FF6B1ED00D3D831 /* LayerStateHistory.swift in Sources */,
				CD372B321FF8433B00D57586 /* LanguageController.swift in Sources */,
				CD372B361FF8440B00D57586 /* SSFView.swift in Sources */,
			);
			runOnlyForDeploymentPostprocessing = 0;
		};
		CDFF69911FD827B800E652EE /* Sources */ = {
			isa = PBXSourcesBuildPhase;
			buildActionMask = 2147483647;
			files = (
				CD71C0B42002B420002A2550 /* Sugar.swift in Sources */,
				CDFF69A01FD8280100E652EE /* LayerState.swift in Sources */,
				CDFF699F1FD827D900E652EE /* LayerStateHistory.swift in Sources */,
				CDFF69A11FD8280700E652EE /* LayoutableObject.swift in Sources */,
				CD71C0B52002B443002A2550 /* NSColor+Hex.swift in Sources */,
				CDE9C3561FEBEBD300168B40 /* Operations.swift in Sources */,
				CDFF69981FD827B800E652EE /* ScreenshotFramerTests.swift in Sources */,
				CDE9C3551FEBEBCE00168B40 /* OutputConfig.swift in Sources */,
			);
			runOnlyForDeploymentPostprocessing = 0;
		};
/* End PBXSourcesBuildPhase section */

/* Begin PBXTargetDependency section */
		CDFF699B1FD827B800E652EE /* PBXTargetDependency */ = {
			isa = PBXTargetDependency;
			target = CD5EE03B1FCD557200AD2ED7 /* Screenshot Framer */;
			targetProxy = CDFF699A1FD827B800E652EE /* PBXContainerItemProxy */;
		};
/* End PBXTargetDependency section */

/* Begin PBXVariantGroup section */
		CD5EE0431FCD557200AD2ED7 /* DocumentWindowController.xib */ = {
			isa = PBXVariantGroup;
			children = (
				CD5EE0441FCD557200AD2ED7 /* Base */,
			);
			name = DocumentWindowController.xib;
			sourceTree = "<group>";
		};
		CD5EE0481FCD557200AD2ED7 /* MainMenu.xib */ = {
			isa = PBXVariantGroup;
			children = (
				CD5EE0491FCD557200AD2ED7 /* Base */,
			);
			name = MainMenu.xib;
			sourceTree = "<group>";
		};
/* End PBXVariantGroup section */

/* Begin XCBuildConfiguration section */
		CD5EE04D1FCD557200AD2ED7 /* Debug */ = {
			isa = XCBuildConfiguration;
			buildSettings = {
				ALWAYS_SEARCH_USER_PATHS = NO;
				CLANG_ANALYZER_NONNULL = YES;
				CLANG_ANALYZER_NUMBER_OBJECT_CONVERSION = YES_AGGRESSIVE;
				CLANG_CXX_LANGUAGE_STANDARD = "gnu++14";
				CLANG_CXX_LIBRARY = "libc++";
				CLANG_ENABLE_MODULES = YES;
				CLANG_ENABLE_OBJC_ARC = YES;
				CLANG_WARN_BLOCK_CAPTURE_AUTORELEASING = YES;
				CLANG_WARN_BOOL_CONVERSION = YES;
				CLANG_WARN_COMMA = YES;
				CLANG_WARN_CONSTANT_CONVERSION = YES;
				CLANG_WARN_DEPRECATED_OBJC_IMPLEMENTATIONS = YES;
				CLANG_WARN_DIRECT_OBJC_ISA_USAGE = YES_ERROR;
				CLANG_WARN_DOCUMENTATION_COMMENTS = YES;
				CLANG_WARN_EMPTY_BODY = YES;
				CLANG_WARN_ENUM_CONVERSION = YES;
				CLANG_WARN_INFINITE_RECURSION = YES;
				CLANG_WARN_INT_CONVERSION = YES;
				CLANG_WARN_NON_LITERAL_NULL_CONVERSION = YES;
				CLANG_WARN_OBJC_IMPLICIT_RETAIN_SELF = YES;
				CLANG_WARN_OBJC_LITERAL_CONVERSION = YES;
				CLANG_WARN_OBJC_ROOT_CLASS = YES_ERROR;
				CLANG_WARN_RANGE_LOOP_ANALYSIS = YES;
				CLANG_WARN_STRICT_PROTOTYPES = YES;
				CLANG_WARN_SUSPICIOUS_MOVE = YES;
				CLANG_WARN_UNGUARDED_AVAILABILITY = YES_AGGRESSIVE;
				CLANG_WARN_UNREACHABLE_CODE = YES;
				CLANG_WARN__DUPLICATE_METHOD_MATCH = YES;
				CODE_SIGN_IDENTITY = "Mac Developer";
				COPY_PHASE_STRIP = NO;
				CURRENT_PROJECT_VERSION = 5;
				DEBUG_INFORMATION_FORMAT = dwarf;
				ENABLE_STRICT_OBJC_MSGSEND = YES;
				ENABLE_TESTABILITY = YES;
				GCC_C_LANGUAGE_STANDARD = gnu11;
				GCC_DYNAMIC_NO_PIC = NO;
				GCC_NO_COMMON_BLOCKS = YES;
				GCC_OPTIMIZATION_LEVEL = 0;
				GCC_PREPROCESSOR_DEFINITIONS = (
					"DEBUG=1",
					"$(inherited)",
				);
				GCC_WARN_64_TO_32_BIT_CONVERSION = YES;
				GCC_WARN_ABOUT_RETURN_TYPE = YES_ERROR;
				GCC_WARN_UNDECLARED_SELECTOR = YES;
				GCC_WARN_UNINITIALIZED_AUTOS = YES_AGGRESSIVE;
				GCC_WARN_UNUSED_FUNCTION = YES;
				GCC_WARN_UNUSED_VARIABLE = YES;
				MACOSX_DEPLOYMENT_TARGET = 10.13;
				MTL_ENABLE_DEBUG_INFO = YES;
				ONLY_ACTIVE_ARCH = YES;
				SDKROOT = macosx;
				SWIFT_ACTIVE_COMPILATION_CONDITIONS = DEBUG;
				SWIFT_OPTIMIZATION_LEVEL = "-Onone";
			};
			name = Debug;
		};
		CD5EE04E1FCD557200AD2ED7 /* Release */ = {
			isa = XCBuildConfiguration;
			buildSettings = {
				ALWAYS_SEARCH_USER_PATHS = NO;
				CLANG_ANALYZER_NONNULL = YES;
				CLANG_ANALYZER_NUMBER_OBJECT_CONVERSION = YES_AGGRESSIVE;
				CLANG_CXX_LANGUAGE_STANDARD = "gnu++14";
				CLANG_CXX_LIBRARY = "libc++";
				CLANG_ENABLE_MODULES = YES;
				CLANG_ENABLE_OBJC_ARC = YES;
				CLANG_WARN_BLOCK_CAPTURE_AUTORELEASING = YES;
				CLANG_WARN_BOOL_CONVERSION = YES;
				CLANG_WARN_COMMA = YES;
				CLANG_WARN_CONSTANT_CONVERSION = YES;
				CLANG_WARN_DEPRECATED_OBJC_IMPLEMENTATIONS = YES;
				CLANG_WARN_DIRECT_OBJC_ISA_USAGE = YES_ERROR;
				CLANG_WARN_DOCUMENTATION_COMMENTS = YES;
				CLANG_WARN_EMPTY_BODY = YES;
				CLANG_WARN_ENUM_CONVERSION = YES;
				CLANG_WARN_INFINITE_RECURSION = YES;
				CLANG_WARN_INT_CONVERSION = YES;
				CLANG_WARN_NON_LITERAL_NULL_CONVERSION = YES;
				CLANG_WARN_OBJC_IMPLICIT_RETAIN_SELF = YES;
				CLANG_WARN_OBJC_LITERAL_CONVERSION = YES;
				CLANG_WARN_OBJC_ROOT_CLASS = YES_ERROR;
				CLANG_WARN_RANGE_LOOP_ANALYSIS = YES;
				CLANG_WARN_STRICT_PROTOTYPES = YES;
				CLANG_WARN_SUSPICIOUS_MOVE = YES;
				CLANG_WARN_UNGUARDED_AVAILABILITY = YES_AGGRESSIVE;
				CLANG_WARN_UNREACHABLE_CODE = YES;
				CLANG_WARN__DUPLICATE_METHOD_MATCH = YES;
				CODE_SIGN_IDENTITY = "Mac Developer";
				COPY_PHASE_STRIP = NO;
				CURRENT_PROJECT_VERSION = 5;
				DEBUG_INFORMATION_FORMAT = "dwarf-with-dsym";
				ENABLE_NS_ASSERTIONS = NO;
				ENABLE_STRICT_OBJC_MSGSEND = YES;
				GCC_C_LANGUAGE_STANDARD = gnu11;
				GCC_NO_COMMON_BLOCKS = YES;
				GCC_WARN_64_TO_32_BIT_CONVERSION = YES;
				GCC_WARN_ABOUT_RETURN_TYPE = YES_ERROR;
				GCC_WARN_UNDECLARED_SELECTOR = YES;
				GCC_WARN_UNINITIALIZED_AUTOS = YES_AGGRESSIVE;
				GCC_WARN_UNUSED_FUNCTION = YES;
				GCC_WARN_UNUSED_VARIABLE = YES;
				MACOSX_DEPLOYMENT_TARGET = 10.13;
				MTL_ENABLE_DEBUG_INFO = NO;
				SDKROOT = macosx;
				SWIFT_OPTIMIZATION_LEVEL = "-Owholemodule";
			};
			name = Release;
		};
		CD5EE0501FCD557200AD2ED7 /* Debug */ = {
			isa = XCBuildConfiguration;
			buildSettings = {
				ASSETCATALOG_COMPILER_APPICON_NAME = AppIcon;
				CODE_SIGN_IDENTITY = "Mac Developer";
				CODE_SIGN_STYLE = Automatic;
				COMBINE_HIDPI_IMAGES = YES;
				DEVELOPMENT_TEAM = W6L39UYL6Z;
				ENABLE_HARDENED_RUNTIME = YES;
				INFOPLIST_FILE = "Screenshot Framer/Supporting Files/Info.plist";
				LD_RUNPATH_SEARCH_PATHS = "$(inherited) @executable_path/../Frameworks";
				PRODUCT_BUNDLE_IDENTIFIER = com.ideasoncanvas.ScreenshotFramer;
				PRODUCT_NAME = "$(TARGET_NAME)";
				PROVISIONING_PROFILE_SPECIFIER = "";
				SWIFT_VERSION = 5.0;
			};
			name = Debug;
		};
		CD5EE0511FCD557200AD2ED7 /* Release */ = {
			isa = XCBuildConfiguration;
			buildSettings = {
				ASSETCATALOG_COMPILER_APPICON_NAME = AppIcon;
				CODE_SIGN_IDENTITY = "Mac Developer";
				CODE_SIGN_STYLE = Automatic;
				COMBINE_HIDPI_IMAGES = YES;
				DEVELOPMENT_TEAM = W6L39UYL6Z;
				ENABLE_HARDENED_RUNTIME = YES;
				INFOPLIST_FILE = "Screenshot Framer/Supporting Files/Info.plist";
				LD_RUNPATH_SEARCH_PATHS = "$(inherited) @executable_path/../Frameworks";
				PRODUCT_BUNDLE_IDENTIFIER = com.ideasoncanvas.ScreenshotFramer;
				PRODUCT_NAME = "$(TARGET_NAME)";
				PROVISIONING_PROFILE_SPECIFIER = "";
				SWIFT_VERSION = 5.0;
			};
			name = Release;
		};
		CD93955A1FF6AC6D00D3D831 /* Debug */ = {
			isa = XCBuildConfiguration;
			buildSettings = {
				CODE_SIGN_IDENTITY = "Mac Developer";
				CODE_SIGN_STYLE = Automatic;
				DEVELOPMENT_TEAM = W6L39UYL6Z;
				ENABLE_HARDENED_RUNTIME = YES;
				PRODUCT_NAME = "$(TARGET_NAME)";
				PROVISIONING_PROFILE_SPECIFIER = "";
				SWIFT_VERSION = 4.0;
			};
			name = Debug;
		};
		CD93955B1FF6AC6D00D3D831 /* Release */ = {
			isa = XCBuildConfiguration;
			buildSettings = {
				CODE_SIGN_IDENTITY = "Mac Developer";
				CODE_SIGN_STYLE = Automatic;
				DEVELOPMENT_TEAM = W6L39UYL6Z;
				ENABLE_HARDENED_RUNTIME = YES;
				PRODUCT_NAME = "$(TARGET_NAME)";
				PROVISIONING_PROFILE_SPECIFIER = "";
				SWIFT_VERSION = 4.0;
			};
			name = Release;
		};
		CDFF699C1FD827B800E652EE /* Debug */ = {
			isa = XCBuildConfiguration;
			buildSettings = {
				BUNDLE_LOADER = "$(TEST_HOST)";
				CODE_SIGN_STYLE = Automatic;
				COMBINE_HIDPI_IMAGES = YES;
				DEVELOPMENT_TEAM = W6L39UYL6Z;
				INFOPLIST_FILE = "Screenshot Framer Tests/Info.plist";
				LD_RUNPATH_SEARCH_PATHS = "$(inherited) @executable_path/../Frameworks @loader_path/../Frameworks";
				PRODUCT_BUNDLE_IDENTIFIER = com.ideasoncanvas.FrameMeTests;
				PRODUCT_NAME = "$(TARGET_NAME)";
				SWIFT_VERSION = 5.0;
				TEST_HOST = "$(BUILT_PRODUCTS_DIR)/Screenshot Framer.app/Contents/MacOS/Screenshot Framer";
			};
			name = Debug;
		};
		CDFF699D1FD827B800E652EE /* Release */ = {
			isa = XCBuildConfiguration;
			buildSettings = {
				BUNDLE_LOADER = "$(TEST_HOST)";
				CODE_SIGN_STYLE = Automatic;
				COMBINE_HIDPI_IMAGES = YES;
				DEVELOPMENT_TEAM = W6L39UYL6Z;
				INFOPLIST_FILE = "Screenshot Framer Tests/Info.plist";
				LD_RUNPATH_SEARCH_PATHS = "$(inherited) @executable_path/../Frameworks @loader_path/../Frameworks";
				PRODUCT_BUNDLE_IDENTIFIER = com.ideasoncanvas.FrameMeTests;
				PRODUCT_NAME = "$(TARGET_NAME)";
				SWIFT_VERSION = 5.0;
				TEST_HOST = "$(BUILT_PRODUCTS_DIR)/Screenshot Framer.app/Contents/MacOS/Screenshot Framer";
			};
			name = Release;
		};
/* End XCBuildConfiguration section */

/* Begin XCConfigurationList section */
		CD5EE0371FCD557200AD2ED7 /* Build configuration list for PBXProject "Screenshot Framer" */ = {
			isa = XCConfigurationList;
			buildConfigurations = (
				CD5EE04D1FCD557200AD2ED7 /* Debug */,
				CD5EE04E1FCD557200AD2ED7 /* Release */,
			);
			defaultConfigurationIsVisible = 0;
			defaultConfigurationName = Release;
		};
		CD5EE04F1FCD557200AD2ED7 /* Build configuration list for PBXNativeTarget "Screenshot Framer" */ = {
			isa = XCConfigurationList;
			buildConfigurations = (
				CD5EE0501FCD557200AD2ED7 /* Debug */,
				CD5EE0511FCD557200AD2ED7 /* Release */,
			);
			defaultConfigurationIsVisible = 0;
			defaultConfigurationName = Release;
		};
		CD93955C1FF6AC6D00D3D831 /* Build configuration list for PBXNativeTarget "Screenshot-Framer-CLI" */ = {
			isa = XCConfigurationList;
			buildConfigurations = (
				CD93955A1FF6AC6D00D3D831 /* Debug */,
				CD93955B1FF6AC6D00D3D831 /* Release */,
			);
			defaultConfigurationIsVisible = 0;
			defaultConfigurationName = Release;
		};
		CDFF699E1FD827B800E652EE /* Build configuration list for PBXNativeTarget "Screenshot FramerTests" */ = {
			isa = XCConfigurationList;
			buildConfigurations = (
				CDFF699C1FD827B800E652EE /* Debug */,
				CDFF699D1FD827B800E652EE /* Release */,
			);
			defaultConfigurationIsVisible = 0;
			defaultConfigurationName = Release;
		};
/* End XCConfigurationList section */
	};
	rootObject = CD5EE0341FCD557200AD2ED7 /* Project object */;
}
